
Microsoft Visual Studio Solution File, Format Version 12.00
# Visual Studio Version 17
VisualStudioVersion = 17.6.33815.320
MinimumVisualStudioVersion = 10.0.40219.1
Project("{FAE04EC0-301F-11D3-BF4B-00C04F79EFBC}") = "Daily Expence & Profit", "Daily Expence & Profit\Daily Expence & Profit.csproj", "{28E4BAEC-0991-47DE-8BFF-FCFF53D63FA3}"
EndProject
Global
	GlobalSection(SolutionConfigurationPlatforms) = preSolution
		Debug|Any CPU = Debug|Any CPU
		Release|Any CPU = Release|Any CPU
	EndGlobalSection
	GlobalSection(ProjectConfigurationPlatforms) = postSolution
		{28E4BAEC-0991-47DE-8BFF-FCFF53D63FA3}.Debug|Any CPU.ActiveCfg = Debug|Any CPU
		{28E4BAEC-0991-47DE-8BFF-FCFF53D63FA3}.Debug|Any CPU.Build.0 = Debug|Any CPU
		{28E4BAEC-0991-47DE-8BFF-FCFF53D63FA3}.Release|Any CPU.ActiveCfg = Release|Any CPU
		{28E4BAEC-0991-47DE-8BFF-FCFF53D63FA3}.Release|Any CPU.Build.0 = Release|Any CPU
	EndGlobalSection
	GlobalSection(SolutionProperties) = preSolution
		HideSolutionNode = FALSE
	EndGlobalSection
	GlobalSection(ExtensibilityGlobals) = postSolution
		SolutionGuid = {50908F8D-D1D8-4274-8258-D0399EB87603}
	EndGlobalSection
EndGlobal
